
Microsoft Visual Studio Solution File, Format Version 12.00
# Visual Studio Version 17
VisualStudioVersion = 17.2.32630.192
MinimumVisualStudioVersion = 10.0.40219.1
Project("{9A19103F-16F7-4668-BE54-9A1E7A4F7556}") = "R5T.T0250.Construction", "R5T.T0250.Construction\R5T.T0250.Construction.csproj", "{21C1978F-C784-4D2A-8F14-EF42AAB3B504}"
EndProject
Project("{9A19103F-16F7-4668-BE54-9A1E7A4F7556}") = "R5T.T0250", "R5T.T0250\R5T.T0250.csproj", "{34319C42-0FEB-431D-BA87-FB4729E21F7A}"
EndProject
Global
	GlobalSection(SolutionConfigurationPlatforms) = preSolution
		Debug|Any CPU = Debug|Any CPU
		Release|Any CPU = Release|Any CPU
	EndGlobalSection
	GlobalSection(ProjectConfigurationPlatforms) = postSolution
		{21C1978F-C784-4D2A-8F14-EF42AAB3B504}.Debug|Any CPU.ActiveCfg = Debug|Any CPU
		{21C1978F-C784-4D2A-8F14-EF42AAB3B504}.Debug|Any CPU.Build.0 = Debug|Any CPU
		{21C1978F-C784-4D2A-8F14-EF42AAB3B504}.Release|Any CPU.ActiveCfg = Release|Any CPU
		{21C1978F-C784-4D2A-8F14-EF42AAB3B504}.Release|Any CPU.Build.0 = Release|Any CPU
		{34319C42-0FEB-431D-BA87-FB4729E21F7A}.Debug|Any CPU.ActiveCfg = Debug|Any CPU
		{34319C42-0FEB-431D-BA87-FB4729E21F7A}.Debug|Any CPU.Build.0 = Debug|Any CPU
		{34319C42-0FEB-431D-BA87-FB4729E21F7A}.Release|Any CPU.ActiveCfg = Release|Any CPU
		{34319C42-0FEB-431D-BA87-FB4729E21F7A}.Release|Any CPU.Build.0 = Release|Any CPU
	EndGlobalSection
	GlobalSection(SolutionProperties) = preSolution
		HideSolutionNode = FALSE
	EndGlobalSection
	GlobalSection(ExtensibilityGlobals) = postSolution
		SolutionGuid = {3B1C699B-B645-4313-AB6F-1107BC686915}
	EndGlobalSection
EndGlobal
